PODS:
  - AXIndicatorView (0.1.1)
  - AXPracticalHUD (2.0.2):
    - AXIndicatorView
  - Stinger (0.2.8)

DEPENDENCIES:
  - AXPracticalHUD
  - Stinger

SPEC REPOS:
  https://github.com/cocoapods/specs.git:
    - AXIndicatorView
    - AXPracticalHUD
    - Stinger

SPEC CHECKSUMS:
  AXIndicatorView: 566b490a2dd9781d4ffbcc9752be9b9cdc6e728e
  AXPracticalHUD: 16c3ff6d97c061e80e80897b2e6ac8e330079472
  Stinger: b32ad54b685dabf5a301b17e4b1f930b60204b62

PODFILE CHECKSUM: 4f97fd2a4cb0bc7a5fcaa139ed7c04adf9548385

COCOAPODS: 1.7.5
